
Microsoft Visual Studio Solution File, Format Version 12.00
# Visual Studio Version 16
VisualStudioVersion = 16.0.31624.102
MinimumVisualStudioVersion = 10.0.40219.1
Project("{F184B08F-C81C-45F6-A57F-5ABD9991F28F}") = "UNB_KerzenManufaktur", "UNB_KerzenManufaktur.vbproj", "{387FDA2F-2640-48A3-B73D-E094375D4F88}"
EndProject
Project("{F184B08F-C81C-45F6-A57F-5ABD9991F28F}") = "UNB_Allgemeine_Klassen", "..\UNB_Allgemeine_Klassen\UNB_Allgemeine_Klassen.vbproj", "{46AF8902-031E-4D85-81AE-FAC4C0327415}"
EndProject
Global
	GlobalSection(SolutionConfigurationPlatforms) = preSolution
		Debug|Any CPU = Debug|Any CPU
		Debug|x86 = Debug|x86
		Release|Any CPU = Release|Any CPU
		Release|x86 = Release|x86
	EndGlobalSection
	GlobalSection(ProjectConfigurationPlatforms) = postSolution
		{387FDA2F-2640-48A3-B73D-E094375D4F88}.Debug|Any CPU.ActiveCfg = Debug|Any CPU
		{387FDA2F-2640-48A3-B73D-E094375D4F88}.Debug|Any CPU.Build.0 = Debug|Any CPU
		{387FDA2F-2640-48A3-B73D-E094375D4F88}.Debug|x86.ActiveCfg = Debug|x86
		{387FDA2F-2640-48A3-B73D-E094375D4F88}.Debug|x86.Build.0 = Debug|x86
		{387FDA2F-2640-48A3-B73D-E094375D4F88}.Release|Any CPU.ActiveCfg = Release|Any CPU
		{387FDA2F-2640-48A3-B73D-E094375D4F88}.Release|Any CPU.Build.0 = Release|Any CPU
		{387FDA2F-2640-48A3-B73D-E094375D4F88}.Release|x86.ActiveCfg = Release|x86
		{387FDA2F-2640-48A3-B73D-E094375D4F88}.Release|x86.Build.0 = Release|x86
		{46AF8902-031E-4D85-81AE-FAC4C0327415}.Debug|Any CPU.ActiveCfg = Debug|Any CPU
		{46AF8902-031E-4D85-81AE-FAC4C0327415}.Debug|Any CPU.Build.0 = Debug|Any CPU
		{46AF8902-031E-4D85-81AE-FAC4C0327415}.Debug|x86.ActiveCfg = Debug|Any CPU
		{46AF8902-031E-4D85-81AE-FAC4C0327415}.Debug|x86.Build.0 = Debug|Any CPU
		{46AF8902-031E-4D85-81AE-FAC4C0327415}.Release|Any CPU.ActiveCfg = Release|Any CPU
		{46AF8902-031E-4D85-81AE-FAC4C0327415}.Release|Any CPU.Build.0 = Release|Any CPU
		{46AF8902-031E-4D85-81AE-FAC4C0327415}.Release|x86.ActiveCfg = Release|Any CPU
		{46AF8902-031E-4D85-81AE-FAC4C0327415}.Release|x86.Build.0 = Release|Any CPU
	EndGlobalSection
	GlobalSection(SolutionProperties) = preSolution
		HideSolutionNode = FALSE
	EndGlobalSection
	GlobalSection(ExtensibilityGlobals) = postSolution
		SolutionGuid = {1B76AF28-EDA4-45B5-936D-514EAE755226}
	EndGlobalSection
EndGlobal
